
Microsoft Visual Studio Solution File, Format Version 12.00
# Visual Studio Version 16
VisualStudioVersion = 16.0.30114.105
MinimumVisualStudioVersion = 10.0.40219.1
Project("{FAE04EC0-301F-11D3-BF4B-00C04F79EFBC}") = "Discord Profile", "Discord Profile\Discord Profile.csproj", "{D04DD61E-E064-4E50-9109-CFB67456EBD4}"
EndProject
Project("{54435603-DBB4-11D2-8724-00A0C9A8B90C}") = "Discord Profile Setup", "Discord Profile Setup\Discord Profile Setup.vdproj", "{B5CD19D5-2F5D-468F-8BA3-39638A9720C7}"
EndProject
Global
	GlobalSection(SolutionConfigurationPlatforms) = preSolution
		Debug|Any CPU = Debug|Any CPU
		Release|Any CPU = Release|Any CPU
	EndGlobalSection
	GlobalSection(ProjectConfigurationPlatforms) = postSolution
		{D04DD61E-E064-4E50-9109-CFB67456EBD4}.Debug|Any CPU.ActiveCfg = Debug|Any CPU
		{D04DD61E-E064-4E50-9109-CFB67456EBD4}.Debug|Any CPU.Build.0 = Debug|Any CPU
		{D04DD61E-E064-4E50-9109-CFB67456EBD4}.Release|Any CPU.ActiveCfg = Release|Any CPU
		{D04DD61E-E064-4E50-9109-CFB67456EBD4}.Release|Any CPU.Build.0 = Release|Any CPU
		{B5CD19D5-2F5D-468F-8BA3-39638A9720C7}.Debug|Any CPU.ActiveCfg = Debug
		{B5CD19D5-2F5D-468F-8BA3-39638A9720C7}.Release|Any CPU.ActiveCfg = Release
	EndGlobalSection
	GlobalSection(SolutionProperties) = preSolution
		HideSolutionNode = FALSE
	EndGlobalSection
	GlobalSection(ExtensibilityGlobals) = postSolution
		SolutionGuid = {3D80E955-45DA-4A8D-9CBF-A87531164431}
	EndGlobalSection
EndGlobal
